// !$*UTF8*$!
{
	archiveVersion = 1;
	classes = {
	};
	objectVersion = 56;
	objects = {

/* Begin PBXBuildFile section */
		5D56AA512A3E379400B7A60B /* DataOwnershipApp.swift in Sources */ = {isa = PBXBuildFile; fileRef = 5D56AA502A3E379400B7A60B /* DataOwnershipApp.swift */; };
		5D56AA532A3E379400B7A60B /* ContentView.swift in Sources */ = {isa = PBXBuildFile; fileRef = 5D56AA522A3E379400B7A60B /* ContentView.swift */; };
		5D56AA552A3E379500B7A60B /* Assets.xcassets in Resources */ = {isa = PBXBuildFile; fileRef = 5D56AA542A3E379500B7A60B /* Assets.xcassets */; };
		5D56AA582A3E379500B7A60B /* Preview Assets.xcassets in Resources */ = {isa = PBXBuildFile; fileRef = 5D56AA572A3E379500B7A60B /* Preview Assets.xcassets */; };
		5D56AA5F2A3E390F00B7A60B /* StateValueType.swift in Sources */ = {isa = PBXBuildFile; fileRef = 5D56AA5E2A3E390F00B7A60B /* StateValueType.swift */; };
		5D56AA612A3E3A7700B7A60B /* SampleBinding.swift in Sources */ = {isa = PBXBuildFile; fileRef = 5D56AA602A3E3A7700B7A60B /* SampleBinding.swift */; };
		5D56AA632A3E3EB500B7A60B /* StateReferenceType.swift in Sources */ = {isa = PBXBuildFile; fileRef = 5D56AA622A3E3EB500B7A60B /* StateReferenceType.swift */; };
		5D56AA652A3E42C300B7A60B /* ObservedObject.swift in Sources */ = {isa = PBXBuildFile; fileRef = 5D56AA642A3E42C300B7A60B /* ObservedObject.swift */; };
		5D56AA672A3E4D9700B7A60B /* EnvironmentObject.swift in Sources */ = {isa = PBXBuildFile; fileRef = 5D56AA662A3E4D9700B7A60B /* EnvironmentObject.swift */; };
/* End PBXBuildFile section */

/* Begin PBXFileReference section */
		5D56AA4D2A3E379400B7A60B /* DataOwnership.app */ = {isa = PBXFileReference; explicitFileType = wrapper.application; includeInIndex = 0; path = DataOwnership.app; sourceTree = BUILT_PRODUCTS_DIR; };
		5D56AA502A3E379400B7A60B /* DataOwnershipApp.swift */ = {isa = PBXFileReference; lastKnownFileType = sourcecode.swift; path = DataOwnershipApp.swift; sourceTree = "<group>"; };
		5D56AA522A3E379400B7A60B /* ContentView.swift */ = {isa = PBXFileReference; lastKnownFileType = sourcecode.swift; path = ContentView.swift; sourceTree = "<group>"; };
		5D56AA542A3E379500B7A60B /* Assets.xcassets */ = {isa = PBXFileReference; lastKnownFileType = folder.assetcatalog; path = Assets.xcassets; sourceTree = "<group>"; };
		5D56AA572A3E379500B7A60B /* Preview Assets.xcassets */ = {isa = PBXFileReference; lastKnownFileType = folder.assetcatalog; path = "Preview Assets.xcassets"; sourceTree = "<group>"; };
		5D56AA5E2A3E390F00B7A60B /* StateValueType.swift */ = {isa = PBXFileReference; lastKnownFileType = sourcecode.swift; path = StateValueType.swift; sourceTree = "<group>"; };
		5D56AA602A3E3A7700B7A60B /* SampleBinding.swift */ = {isa = PBXFileReference; lastKnownFileType = sourcecode.swift; path = SampleBinding.swift; sourceTree = "<group>"; };
		5D56AA622A3E3EB500B7A60B /* StateReferenceType.swift */ = {isa = PBXFileReference; lastKnownFileType = sourcecode.swift; path = StateReferenceType.swift; sourceTree = "<group>"; };
		5D56AA642A3E42C300B7A60B /* ObservedObject.swift */ = {isa = PBXFileReference; lastKnownFileType = sourcecode.swift; path = ObservedObject.swift; sourceTree = "<group>"; };
		5D56AA662A3E4D9700B7A60B /* EnvironmentObject.swift */ = {isa = PBXFileReference; lastKnownFileType = sourcecode.swift; path = EnvironmentObject.swift; sourceTree = "<group>"; };
/* End PBXFileReference section */

/* Begin PBXFrameworksBuildPhase section */
		5D56AA4A2A3E379400B7A60B /* Frameworks */ = {
			isa = PBXFrameworksBuildPhase;
			buildActionMask = 2147483647;
			files = (
			);
			runOnlyForDeploymentPostprocessing = 0;
		};
/* End PBXFrameworksBuildPhase section */

/* Begin PBXGroup section */
		5D56AA442A3E379300B7A60B = {
			isa = PBXGroup;
			children = (
				5D56AA4F2A3E379400B7A60B /* DataOwnership */,
				5D56AA4E2A3E379400B7A60B /* Products */,
			);
			sourceTree = "<group>";
		};
		5D56AA4E2A3E379400B7A60B /* Products */ = {
			isa = PBXGroup;
			children = (
				5D56AA4D2A3E379400B7A60B /* DataOwnership.app */,
			);
			name = Products;
			sourceTree = "<group>";
		};
		5D56AA4F2A3E379400B7A60B /* DataOwnership */ = {
			isa = PBXGroup;
			children = (
				5D56AA502A3E379400B7A60B /* DataOwnershipApp.swift */,
				5D56AA522A3E379400B7A60B /* ContentView.swift */,
				5D56AA5E2A3E390F00B7A60B /* StateValueType.swift */,
				5D56AA622A3E3EB500B7A60B /* StateReferenceType.swift */,
				5D56AA602A3E3A7700B7A60B /* SampleBinding.swift */,
				5D56AA642A3E42C300B7A60B /* ObservedObject.swift */,
				5D56AA662A3E4D9700B7A60B /* EnvironmentObject.swift */,
				5D56AA542A3E379500B7A60B /* Assets.xcassets */,
				5D56AA562A3E379500B7A60B /* Preview Content */,
			);
			path = DataOwnership;
			sourceTree = "<group>";
		};
		5D56AA562A3E379500B7A60B /* Preview Content */ = {
			isa = PBXGroup;
			children = (
				5D56AA572A3E379500B7A60B /* Preview Assets.xcassets */,
			);
			path = "Preview Content";
			sourceTree = "<group>";
		};
/* End PBXGroup section */

/* Begin PBXNativeTarget section */
		5D56AA4C2A3E379400B7A60B /* DataOwnership */ = {
			isa = PBXNativeTarget;
			buildConfigurationList = 5D56AA5B2A3E379500B7A60B /* Build configuration list for PBXNativeTarget "DataOwnership" */;
			buildPhases = (
				5D56AA492A3E379400B7A60B /* Sources */,
				5D56AA4A2A3E379400B7A60B /* Frameworks */,
				5D56AA4B2A3E379400B7A60B /* Resources */,
			);
			buildRules = (
			);
			dependencies = (
			);
			name = DataOwnership;
			productName = DataOwnership;
			productReference = 5D56AA4D2A3E379400B7A60B /* DataOwnership.app */;
			productType = "com.apple.product-type.application";
		};
/* End PBXNativeTarget section */

/* Begin PBXProject section */
		5D56AA452A3E379300B7A60B /* Project object */ = {
			isa = PBXProject;
			attributes = {
				BuildIndependentTargetsInParallel = 1;
				LastSwiftUpdateCheck = 1430;
				LastUpgradeCheck = 1430;
				TargetAttributes = {
					5D56AA4C2A3E379400B7A60B = {
						CreatedOnToolsVersion = 14.3;
					};
				};
			};
			buildConfigurationList = 5D56AA482A3E379300B7A60B /* Build configuration list for PBXProject "DataOwnership" */;
			compatibilityVersion = "Xcode 14.0";
			developmentRegion = en;
			hasScannedForEncodings = 0;
			knownRegions = (
				en,
				Base,
			);
			mainGroup = 5D56AA442A3E379300B7A60B;
			productRefGroup = 5D56AA4E2A3E379400B7A60B /* Products */;
			projectDirPath = "";
			projectRoot = "";
			targets = (
				5D56AA4C2A3E379400B7A60B /* DataOwnership */,
			);
		};
/* End PBXProject section */

/* Begin PBXResourcesBuildPhase section */
		5D56AA4B2A3E379400B7A60B /* Resources */ = {
			isa = PBXResourcesBuildPhase;
			buildActionMask = 2147483647;
			files = (
				5D56AA582A3E379500B7A60B /* Preview Assets.xcassets in Resources */,
				5D56AA552A3E379500B7A60B /* Assets.xcassets in Resources */,
			);
			runOnlyForDeploymentPostprocessing = 0;
		};
/* End PBXResourcesBuildPhase section */

/* Begin PBXSourcesBuildPhase section */
		5D56AA492A3E379400B7A60B /* Sources */ = {
			isa = PBXSourcesBuildPhase;
			buildActionMask = 2147483647;
			files = (
				5D56AA612A3E3A7700B7A60B /* SampleBinding.swift in Sources */,
				5D56AA652A3E42C300B7A60B /* ObservedObject.swift in Sources */,
				5D56AA532A3E379400B7A60B /* ContentView.swift in Sources */,
				5D56AA512A3E379400B7A60B /* DataOwnershipApp.swift in Sources */,
				5D56AA5F2A3E390F00B7A60B /* StateValueType.swift in Sources */,
				5D56AA632A3E3EB500B7A60B /* StateReferenceType.swift in Sources */,
				5D56AA672A3E4D9700B7A60B /* EnvironmentObject.swift in Sources */,
			);
			runOnlyForDeploymentPostprocessing = 0;
		};
/* End PBXSourcesBuildPhase section */

/* Begin XCBuildConfiguration section */
		5D56AA592A3E379500B7A60B /* Debug */ = {
			isa = XCBuildConfiguration;
			buildSettings = {
				ALWAYS_SEARCH_USER_PATHS = NO;
				CLANG_ANALYZER_NONNULL = YES;
				CLANG_ANALYZER_NUMBER_OBJECT_CONVERSION = YES_AGGRESSIVE;
				CLANG_CXX_LANGUAGE_STANDARD = "gnu++20";
				CLANG_ENABLE_MODULES = YES;
				CLANG_ENABLE_OBJC_ARC = YES;
				CLANG_ENABLE_OBJC_WEAK = YES;
				CLANG_WARN_BLOCK_CAPTURE_AUTORELEASING = YES;
				CLANG_WARN_BOOL_CONVERSION = YES;
				CLANG_WARN_COMMA = YES;
				CLANG_WARN_CONSTANT_CONVERSION = YES;
				CLANG_WARN_DEPRECATED_OBJC_IMPLEMENTATIONS = YES;
				CLANG_WARN_DIRECT_OBJC_ISA_USAGE = YES_ERROR;
				CLANG_WARN_DOCUMENTATION_COMMENTS = YES;
				CLANG_WARN_EMPTY_BODY = YES;
				CLANG_WARN_ENUM_CONVERSION = YES;
				CLANG_WARN_INFINITE_RECURSION = YES;
				CLANG_WARN_INT_CONVERSION = YES;
				CLANG_WARN_NON_LITERAL_NULL_CONVERSION = YES;
				CLANG_WARN_OBJC_IMPLICIT_RETAIN_SELF = YES;
				CLANG_WARN_OBJC_LITERAL_CONVERSION = YES;
				CLANG_WARN_OBJC_ROOT_CLASS = YES_ERROR;
				CLANG_WARN_QUOTED_INCLUDE_IN_FRAMEWORK_HEADER = YES;
				CLANG_WARN_RANGE_LOOP_ANALYSIS = YES;
				CLANG_WARN_STRICT_PROTOTYPES = YES;
				CLANG_WARN_SUSPICIOUS_MOVE = YES;
				CLANG_WARN_UNGUARDED_AVAILABILITY = YES_AGGRESSIVE;
				CLANG_WARN_UNREACHABLE_CODE = YES;
				CLANG_WARN__DUPLICATE_METHOD_MATCH = YES;
				COPY_PHASE_STRIP = NO;
				DEBUG_INFORMATION_FORMAT = dwarf;
				ENABLE_STRICT_OBJC_MSGSEND = YES;
				ENABLE_TESTABILITY = YES;
				GCC_C_LANGUAGE_STANDARD = gnu11;
				GCC_DYNAMIC_NO_PIC = NO;
				GCC_NO_COMMON_BLOCKS = YES;
				GCC_OPTIMIZATION_LEVEL = 0;
				GCC_PREPROCESSOR_DEFINITIONS = (
					"DEBUG=1",
					"$(inherited)",
				);
				GCC_WARN_64_TO_32_BIT_CONVERSION = YES;
				GCC_WARN_ABOUT_RETURN_TYPE = YES_ERROR;
				GCC_WARN_UNDECLARED_SELECTOR = YES;
				GCC_WARN_UNINITIALIZED_AUTOS = YES_AGGRESSIVE;
				GCC_WARN_UNUSED_FUNCTION = YES;
				GCC_WARN_UNUSED_VARIABLE = YES;
				IPHONEOS_DEPLOYMENT_TARGET = 16.4;
				MTL_ENABLE_DEBUG_INFO = INCLUDE_SOURCE;
				MTL_FAST_MATH = YES;
				ONLY_ACTIVE_ARCH = YES;
				SDKROOT = iphoneos;
				SWIFT_ACTIVE_COMPILATION_CONDITIONS = DEBUG;
				SWIFT_OPTIMIZATION_LEVEL = "-Onone";
			};
			name = Debug;
		};
		5D56AA5A2A3E379500B7A60B /* Release */ = {
			isa = XCBuildConfiguration;
			buildSettings = {
				ALWAYS_SEARCH_USER_PATHS = NO;
				CLANG_ANALYZER_NONNULL = YES;
				CLANG_ANALYZER_NUMBER_OBJECT_CONVERSION = YES_AGGRESSIVE;
				CLANG_CXX_LANGUAGE_STANDARD = "gnu++20";
				CLANG_ENABLE_MODULES = YES;
				CLANG_ENABLE_OBJC_ARC = YES;
				CLANG_ENABLE_OBJC_WEAK = YES;
				CLANG_WARN_BLOCK_CAPTURE_AUTORELEASING = YES;
				CLANG_WARN_BOOL_CONVERSION = YES;
				CLANG_WARN_COMMA = YES;
				CLANG_WARN_CONSTANT_CONVERSION = YES;
				CLANG_WARN_DEPRECATED_OBJC_IMPLEMENTATIONS = YES;
				CLANG_WARN_DIRECT_OBJC_ISA_USAGE = YES_ERROR;
				CLANG_WARN_DOCUMENTATION_COMMENTS = YES;
				CLANG_WARN_EMPTY_BODY = YES;
				CLANG_WARN_ENUM_CONVERSION = YES;
				CLANG_WARN_INFINITE_RECURSION = YES;
				CLANG_WARN_INT_CONVERSION = YES;
				CLANG_WARN_NON_LITERAL_NULL_CONVERSION = YES;
				CLANG_WARN_OBJC_IMPLICIT_RETAIN_SELF = YES;
				CLANG_WARN_OBJC_LITERAL_CONVERSION = YES;
				CLANG_WARN_OBJC_ROOT_CLASS = YES_ERROR;
				CLANG_WARN_QUOTED_INCLUDE_IN_FRAMEWORK_HEADER = YES;
				CLANG_WARN_RANGE_LOOP_ANALYSIS = YES;
				CLANG_WARN_STRICT_PROTOTYPES = YES;
				CLANG_WARN_SUSPICIOUS_MOVE = YES;
				CLANG_WARN_UNGUARDED_AVAILABILITY = YES_AGGRESSIVE;
				CLANG_WARN_UNREACHABLE_CODE = YES;
				CLANG_WARN__DUPLICATE_METHOD_MATCH = YES;
				COPY_PHASE_STRIP = NO;
				DEBUG_INFORMATION_FORMAT = "dwarf-with-dsym";
				ENABLE_NS_ASSERTIONS = NO;
				ENABLE_STRICT_OBJC_MSGSEND = YES;
				GCC_C_LANGUAGE_STANDARD = gnu11;
				GCC_NO_COMMON_BLOCKS = YES;
				GCC_WARN_64_TO_32_BIT_CONVERSION = YES;
				GCC_WARN_ABOUT_RETURN_TYPE = YES_ERROR;
				GCC_WARN_UNDECLARED_SELECTOR = YES;
				GCC_WARN_UNINITIALIZED_AUTOS = YES_AGGRESSIVE;
				GCC_WARN_UNUSED_FUNCTION = YES;
				GCC_WARN_UNUSED_VARIABLE = YES;
				IPHONEOS_DEPLOYMENT_TARGET = 16.4;
				MTL_ENABLE_DEBUG_INFO = NO;
				MTL_FAST_MATH = YES;
				SDKROOT = iphoneos;
				SWIFT_COMPILATION_MODE = wholemodule;
				SWIFT_OPTIMIZATION_LEVEL = "-O";
				VALIDATE_PRODUCT = YES;
			};
			name = Release;
		};
		5D56AA5C2A3E379500B7A60B /* Debug */ = {
			isa = XCBuildConfiguration;
			buildSettings = {
				ASSETCATALOG_COMPILER_APPICON_NAME = AppIcon;
				ASSETCATALOG_COMPILER_GLOBAL_ACCENT_COLOR_NAME = AccentColor;
				CODE_SIGN_STYLE = Automatic;
				CURRENT_PROJECT_VERSION = 1;
				DEVELOPMENT_ASSET_PATHS = "\"DataOwnership/Preview Content\"";
				DEVELOPMENT_TEAM = 7KFHN9UQ5P;
				ENABLE_PREVIEWS = YES;
				GENERATE_INFOPLIST_FILE = YES;
				INFOPLIST_KEY_UIApplicationSceneManifest_Generation = YES;
				INFOPLIST_KEY_UIApplicationSupportsIndirectInputEvents = YES;
				INFOPLIST_KEY_UILaunchScreen_Generation = YES;
				INFOPLIST_KEY_UISupportedInterfaceOrientations_iPad = "UIInterfaceOrientationPortrait UIInterfaceOrientationPortraitUpsideDown UIInterfaceOrientationLandscapeLeft UIInterfaceOrientationLandscapeRight";
				INFOPLIST_KEY_UISupportedInterfaceOrientations_iPhone = "UIInterfaceOrientationPortrait UIInterfaceOrientationLandscapeLeft UIInterfaceOrientationLandscapeRight";
				LD_RUNPATH_SEARCH_PATHS = (
					"$(inherited)",
					"@executable_path/Frameworks",
				);
				MARKETING_VERSION = 1.0;
				PRODUCT_BUNDLE_IDENTIFIER = com.anastasiiaHolovash.DataOwnership;
				PRODUCT_NAME = "$(TARGET_NAME)";
				SWIFT_EMIT_LOC_STRINGS = YES;
				SWIFT_VERSION = 5.0;
				TARGETED_DEVICE_FAMILY = "1,2";
			};
			name = Debug;
		};
		5D56AA5D2A3E379500B7A60B /* Release */ = {
			isa = XCBuildConfiguration;
			buildSettings = {
				ASSETCATALOG_COMPILER_APPICON_NAME = AppIcon;
				ASSETCATALOG_COMPILER_GLOBAL_ACCENT_COLOR_NAME = AccentColor;
				CODE_SIGN_STYLE = Automatic;
				CURRENT_PROJECT_VERSION = 1;
				DEVELOPMENT_ASSET_PATHS = "\"DataOwnership/Preview Content\"";
				DEVELOPMENT_TEAM = 7KFHN9UQ5P;
				ENABLE_PREVIEWS = YES;
				GENERATE_INFOPLIST_FILE = YES;
				INFOPLIST_KEY_UIApplicationSceneManifest_Generation = YES;
				INFOPLIST_KEY_UIApplicationSupportsIndirectInputEvents = YES;
				INFOPLIST_KEY_UILaunchScreen_Generation = YES;
				INFOPLIST_KEY_UISupportedInterfaceOrientations_iPad = "UIInterfaceOrientationPortrait UIInterfaceOrientationPortraitUpsideDown UIInterfaceOrientationLandscapeLeft UIInterfaceOrientationLandscapeRight";
				INFOPLIST_KEY_UISupportedInterfaceOrientations_iPhone = "UIInterfaceOrientationPortrait UIInterfaceOrientationLandscapeLeft UIInterfaceOrientationLandscapeRight";
				LD_RUNPATH_SEARCH_PATHS = (
					"$(inherited)",
					"@executable_path/Frameworks",
				);
				MARKETING_VERSION = 1.0;
				PRODUCT_BUNDLE_IDENTIFIER = com.anastasiiaHolovash.DataOwnership;
				PRODUCT_NAME = "$(TARGET_NAME)";
				SWIFT_EMIT_LOC_STRINGS = YES;
				SWIFT_VERSION = 5.0;
				TARGETED_DEVICE_FAMILY = "1,2";
			};
			name = Release;
		};
/* End XCBuildConfiguration section */

/* Begin XCConfigurationList section */
		5D56AA482A3E379300B7A60B /* Build configuration list for PBXProject "DataOwnership" */ = {
			isa = XCConfigurationList;
			buildConfigurations = (
				5D56AA592A3E379500B7A60B /* Debug */,
				5D56AA5A2A3E379500B7A60B /* Release */,
			);
			defaultConfigurationIsVisible = 0;
			defaultConfigurationName = Release;
		};
		5D56AA5B2A3E379500B7A60B /* Build configuration list for PBXNativeTarget "DataOwnership" */ = {
			isa = XCConfigurationList;
			buildConfigurations = (
				5D56AA5C2A3E379500B7A60B /* Debug */,
				5D56AA5D2A3E379500B7A60B /* Release */,
			);
			defaultConfigurationIsVisible = 0;
			defaultConfigurationName = Release;
		};
/* End XCConfigurationList section */
	};
	rootObject = 5D56AA452A3E379300B7A60B /* Project object */;
}
